
Microsoft Visual Studio Solution File, Format Version 12.00
# Visual Studio Version 16
VisualStudioVersion = 16.0.28516.95
MinimumVisualStudioVersion = 10.0.40219.1
Project("{FAE04EC0-301F-11D3-BF4B-00C04F79EFBC}") = "WidgetFramework.Contracts", "WidgetFramework.Contracts\WidgetFramework.Contracts.csproj", "{D84C6F84-63CA-4DFC-837C-5C785E1562DB}"
EndProject
Project("{FAE04EC0-301F-11D3-BF4B-00C04F79EFBC}") = "WidgetFramework.Consumer", "WidgetFramework.Consumer\WidgetFramework.Consumer.csproj", "{D31952B2-D855-4FEA-BC0C-80F2B1888973}"
EndProject
Project("{FAE04EC0-301F-11D3-BF4B-00C04F79EFBC}") = "WidgetFramework.Implementation", "WidgetFramework.Implementation\WidgetFramework.Implementation.csproj", "{34CBD19B-FB5F-462C-900A-B6D199702EF1}"
EndProject
Global
	GlobalSection(SolutionConfigurationPlatforms) = preSolution
		Debug|Any CPU = Debug|Any CPU
		Release|Any CPU = Release|Any CPU
	EndGlobalSection
	GlobalSection(ProjectConfigurationPlatforms) = postSolution
		{D84C6F84-63CA-4DFC-837C-5C785E1562DB}.Debug|Any CPU.ActiveCfg = Debug|Any CPU
		{D84C6F84-63CA-4DFC-837C-5C785E1562DB}.Debug|Any CPU.Build.0 = Debug|Any CPU
		{D84C6F84-63CA-4DFC-837C-5C785E1562DB}.Release|Any CPU.ActiveCfg = Release|Any CPU
		{D84C6F84-63CA-4DFC-837C-5C785E1562DB}.Release|Any CPU.Build.0 = Release|Any CPU
		{D31952B2-D855-4FEA-BC0C-80F2B1888973}.Debug|Any CPU.ActiveCfg = Debug|Any CPU
		{D31952B2-D855-4FEA-BC0C-80F2B1888973}.Debug|Any CPU.Build.0 = Debug|Any CPU
		{D31952B2-D855-4FEA-BC0C-80F2B1888973}.Release|Any CPU.ActiveCfg = Release|Any CPU
		{D31952B2-D855-4FEA-BC0C-80F2B1888973}.Release|Any CPU.Build.0 = Release|Any CPU
		{34CBD19B-FB5F-462C-900A-B6D199702EF1}.Debug|Any CPU.ActiveCfg = Debug|Any CPU
		{34CBD19B-FB5F-462C-900A-B6D199702EF1}.Debug|Any CPU.Build.0 = Debug|Any CPU
		{34CBD19B-FB5F-462C-900A-B6D199702EF1}.Release|Any CPU.ActiveCfg = Release|Any CPU
		{34CBD19B-FB5F-462C-900A-B6D199702EF1}.Release|Any CPU.Build.0 = Release|Any CPU
	EndGlobalSection
	GlobalSection(SolutionProperties) = preSolution
		HideSolutionNode = FALSE
	EndGlobalSection
	GlobalSection(ExtensibilityGlobals) = postSolution
		SolutionGuid = {58B24421-ACE6-4FA5-9FC7-ACDADB3431A7}
	EndGlobalSection
EndGlobal
